
Microsoft Visual Studio Solution File, Format Version 12.00
# Visual Studio Version 17
VisualStudioVersion = 17.14.36408.4
MinimumVisualStudioVersion = 10.0.40219.1
Project("{FAE04EC0-301F-11D3-BF4B-00C04F79EFBC}") = "API", "src\API\API.csproj", "{F46DAF0D-9629-46B9-B4DB-08136124D528}"
EndProject
Project("{FAE04EC0-301F-11D3-BF4B-00C04F79EFBC}") = "Domain", "src\Domain\Domain.csproj", "{1F30D263-B65A-469F-A722-3F8ACA4EF6D9}"
EndProject
Project("{FAE04EC0-301F-11D3-BF4B-00C04F79EFBC}") = "Application", "src\Application\Application.csproj", "{664CB54B-3F8F-4214-B8C4-94B556AC169A}"
EndProject
Project("{FAE04EC0-301F-11D3-BF4B-00C04F79EFBC}") = "Infrastructure", "src\Infrastructure\Infrastructure.csproj", "{427A3E37-0D80-4463-BDD8-CB7065BA566C}"
EndProject
Global
	GlobalSection(SolutionConfigurationPlatforms) = preSolution
		Debug|Any CPU = Debug|Any CPU
		Release|Any CPU = Release|Any CPU
	EndGlobalSection
	GlobalSection(ProjectConfigurationPlatforms) = postSolution
		{F46DAF0D-9629-46B9-B4DB-08136124D528}.Debug|Any CPU.ActiveCfg = Debug|Any CPU
		{F46DAF0D-9629-46B9-B4DB-08136124D528}.Debug|Any CPU.Build.0 = Debug|Any CPU
		{F46DAF0D-9629-46B9-B4DB-08136124D528}.Release|Any CPU.ActiveCfg = Release|Any CPU
		{F46DAF0D-9629-46B9-B4DB-08136124D528}.Release|Any CPU.Build.0 = Release|Any CPU
		{1F30D263-B65A-469F-A722-3F8ACA4EF6D9}.Debug|Any CPU.ActiveCfg = Debug|Any CPU
		{1F30D263-B65A-469F-A722-3F8ACA4EF6D9}.Debug|Any CPU.Build.0 = Debug|Any CPU
		{1F30D263-B65A-469F-A722-3F8ACA4EF6D9}.Release|Any CPU.ActiveCfg = Release|Any CPU
		{1F30D263-B65A-469F-A722-3F8ACA4EF6D9}.Release|Any CPU.Build.0 = Release|Any CPU
		{664CB54B-3F8F-4214-B8C4-94B556AC169A}.Debug|Any CPU.ActiveCfg = Debug|Any CPU
		{664CB54B-3F8F-4214-B8C4-94B556AC169A}.Debug|Any CPU.Build.0 = Debug|Any CPU
		{664CB54B-3F8F-4214-B8C4-94B556AC169A}.Release|Any CPU.ActiveCfg = Release|Any CPU
		{664CB54B-3F8F-4214-B8C4-94B556AC169A}.Release|Any CPU.Build.0 = Release|Any CPU
		{427A3E37-0D80-4463-BDD8-CB7065BA566C}.Debug|Any CPU.ActiveCfg = Debug|Any CPU
		{427A3E37-0D80-4463-BDD8-CB7065BA566C}.Debug|Any CPU.Build.0 = Debug|Any CPU
		{427A3E37-0D80-4463-BDD8-CB7065BA566C}.Release|Any CPU.ActiveCfg = Release|Any CPU
		{427A3E37-0D80-4463-BDD8-CB7065BA566C}.Release|Any CPU.Build.0 = Release|Any CPU
	EndGlobalSection
	GlobalSection(SolutionProperties) = preSolution
		HideSolutionNode = FALSE
	EndGlobalSection
	GlobalSection(ExtensibilityGlobals) = postSolution
		SolutionGuid = {F3A83D1C-2174-4513-A9B1-8CCC09199144}
	EndGlobalSection
EndGlobal
