
Microsoft Visual Studio Solution File, Format Version 12.00
# Visual Studio Version 17
VisualStudioVersion = 17.14.36408.4 d17.14
MinimumVisualStudioVersion = 10.0.40219.1
Project("{FAE04EC0-301F-11D3-BF4B-00C04F79EFBC}") = "API", "src\API\API.csproj", "{F46DAF0D-9629-46B9-B4DB-08136124D528}"
EndProject
Global
	GlobalSection(SolutionConfigurationPlatforms) = preSolution
		Debug|Any CPU = Debug|Any CPU
		Release|Any CPU = Release|Any CPU
	EndGlobalSection
	GlobalSection(ProjectConfigurationPlatforms) = postSolution
		{F46DAF0D-9629-46B9-B4DB-08136124D528}.Debug|Any CPU.ActiveCfg = Debug|Any CPU
		{F46DAF0D-9629-46B9-B4DB-08136124D528}.Debug|Any CPU.Build.0 = Debug|Any CPU
		{F46DAF0D-9629-46B9-B4DB-08136124D528}.Release|Any CPU.ActiveCfg = Release|Any CPU
		{F46DAF0D-9629-46B9-B4DB-08136124D528}.Release|Any CPU.Build.0 = Release|Any CPU
	EndGlobalSection
	GlobalSection(SolutionProperties) = preSolution
		HideSolutionNode = FALSE
	EndGlobalSection
	GlobalSection(ExtensibilityGlobals) = postSolution
		SolutionGuid = {F3A83D1C-2174-4513-A9B1-8CCC09199144}
	EndGlobalSection
EndGlobal
